
Microsoft Visual Studio Solution File, Format Version 12.00
# Visual Studio Version 17
VisualStudioVersion = 17.11.35312.102
MinimumVisualStudioVersion = 10.0.40219.1
Project("{FAE04EC0-301F-11D3-BF4B-00C04F79EFBC}") = "WF01_intro", "WF01_intro\WF01_intro.csproj", "{34687741-EE9E-4C0E-A301-3FE4E2F16CFA}"
EndProject
Project("{FAE04EC0-301F-11D3-BF4B-00C04F79EFBC}") = "WF02_controlesTernario", "WF02_controlesTernario\WF02_controlesTernario.csproj", "{1B013AE8-1D17-4C59-97F4-3278703E110E}"
EndProject
Project("{FAE04EC0-301F-11D3-BF4B-00C04F79EFBC}") = "WF03_DateTime", "WF03_DateTime\WF03_DateTime.csproj", "{A8FC8DFA-48AD-4339-8830-39DBBEA2D04C}"
EndProject
Project("{FAE04EC0-301F-11D3-BF4B-00C04F79EFBC}") = "WF04_DateTimeForms", "WF04_DateTimeForms\WF04_DateTimeForms.csproj", "{CDC5EA4B-6A01-4669-B69D-7FFAD73CAAB5}"
EndProject
Global
	GlobalSection(SolutionConfigurationPlatforms) = preSolution
		Debug|Any CPU = Debug|Any CPU
		Release|Any CPU = Release|Any CPU
	EndGlobalSection
	GlobalSection(ProjectConfigurationPlatforms) = postSolution
		{34687741-EE9E-4C0E-A301-3FE4E2F16CFA}.Debug|Any CPU.ActiveCfg = Debug|Any CPU
		{34687741-EE9E-4C0E-A301-3FE4E2F16CFA}.Debug|Any CPU.Build.0 = Debug|Any CPU
		{34687741-EE9E-4C0E-A301-3FE4E2F16CFA}.Release|Any CPU.ActiveCfg = Release|Any CPU
		{34687741-EE9E-4C0E-A301-3FE4E2F16CFA}.Release|Any CPU.Build.0 = Release|Any CPU
		{1B013AE8-1D17-4C59-97F4-3278703E110E}.Debug|Any CPU.ActiveCfg = Debug|Any CPU
		{1B013AE8-1D17-4C59-97F4-3278703E110E}.Debug|Any CPU.Build.0 = Debug|Any CPU
		{1B013AE8-1D17-4C59-97F4-3278703E110E}.Release|Any CPU.ActiveCfg = Release|Any CPU
		{1B013AE8-1D17-4C59-97F4-3278703E110E}.Release|Any CPU.Build.0 = Release|Any CPU
		{A8FC8DFA-48AD-4339-8830-39DBBEA2D04C}.Debug|Any CPU.ActiveCfg = Debug|Any CPU
		{A8FC8DFA-48AD-4339-8830-39DBBEA2D04C}.Debug|Any CPU.Build.0 = Debug|Any CPU
		{A8FC8DFA-48AD-4339-8830-39DBBEA2D04C}.Release|Any CPU.ActiveCfg = Release|Any CPU
		{A8FC8DFA-48AD-4339-8830-39DBBEA2D04C}.Release|Any CPU.Build.0 = Release|Any CPU
		{CDC5EA4B-6A01-4669-B69D-7FFAD73CAAB5}.Debug|Any CPU.ActiveCfg = Debug|Any CPU
		{CDC5EA4B-6A01-4669-B69D-7FFAD73CAAB5}.Debug|Any CPU.Build.0 = Debug|Any CPU
		{CDC5EA4B-6A01-4669-B69D-7FFAD73CAAB5}.Release|Any CPU.ActiveCfg = Release|Any CPU
		{CDC5EA4B-6A01-4669-B69D-7FFAD73CAAB5}.Release|Any CPU.Build.0 = Release|Any CPU
	EndGlobalSection
	GlobalSection(SolutionProperties) = preSolution
		HideSolutionNode = FALSE
	EndGlobalSection
	GlobalSection(ExtensibilityGlobals) = postSolution
		SolutionGuid = {95864F08-D208-47D8-BC23-E6DFCE1ABE54}
	EndGlobalSection
EndGlobal
