
Microsoft Visual Studio Solution File, Format Version 12.00
# Visual Studio Version 17
VisualStudioVersion = 17.11.35312.102
MinimumVisualStudioVersion = 10.0.40219.1
Project("{FAE04EC0-301F-11D3-BF4B-00C04F79EFBC}") = "T01_clases", "T01_clases\T01_clases.csproj", "{908B4C4E-D33C-49CF-AF20-62D02FE271D7}"
EndProject
Project("{2150E333-8FDC-42A3-9474-1A3956D46DE8}") = "Teoria", "Teoria", "{CF78E750-4D15-4B15-A33E-9DACEBD27DB3}"
EndProject
Project("{FAE04EC0-301F-11D3-BF4B-00C04F79EFBC}") = "T02_propiedadesLarga", "T02_propiedadesLarga\T02_propiedadesLarga.csproj", "{362175A0-82E9-4255-81F0-B3A35399670F}"
EndProject
Project("{FAE04EC0-301F-11D3-BF4B-00C04F79EFBC}") = "T03_propiedadReducida", "T03_propiedadReducida\T03_propiedadReducida.csproj", "{590F343B-05CB-425B-A280-63FFABB6CFE3}"
EndProject
Project("{FAE04EC0-301F-11D3-BF4B-00C04F79EFBC}") = "T04_constructoresDesctructores", "T04_constructoresDesctructores\T04_constructoresDesctructores.csproj", "{4EFFF323-D39D-4CF9-99E2-41ACE574A992}"
EndProject
Project("{FAE04EC0-301F-11D3-BF4B-00C04F79EFBC}") = "T05_metodos", "T05_metodos\T05_metodos.csproj", "{448545FC-BCB0-419A-9F0D-A02C9DCB0FC0}"
EndProject
Project("{FAE04EC0-301F-11D3-BF4B-00C04F79EFBC}") = "T06_metodoRecarga", "T06_metodoRecarga\T06_metodoRecarga.csproj", "{CEF8E733-748E-4605-A0B3-426E85D3C076}"
EndProject
Project("{FAE04EC0-301F-11D3-BF4B-00C04F79EFBC}") = "T07_sobrecargaMetodo", "T07_sobrecargaMetodo\T07_sobrecargaMetodo.csproj", "{422AF684-6098-4553-B4B5-927BA7B560DF}"
EndProject
Project("{FAE04EC0-301F-11D3-BF4B-00C04F79EFBC}") = "T08_claseString", "T08_claseString\T08_claseString.csproj", "{EA0CDC05-9609-4CC7-9C48-AE9F52C3E55E}"
EndProject
Project("{FAE04EC0-301F-11D3-BF4B-00C04F79EFBC}") = "T09_herencia", "T09_herencia\T09_herencia.csproj", "{C58EAA9F-961D-47AF-B43A-794EF3A9F55C}"
EndProject
Project("{FAE04EC0-301F-11D3-BF4B-00C04F79EFBC}") = "T10_herencia2", "T10_herencia2\T10_herencia2.csproj", "{4FD87527-106E-4846-BACA-C97AA95EEAE1}"
EndProject
Project("{FAE04EC0-301F-11D3-BF4B-00C04F79EFBC}") = "T11_colecciones", "T11_colecciones\T11_colecciones.csproj", "{86AB4D98-8BC7-4822-8AF8-0D77DAFAD1D9}"
EndProject
Project("{FAE04EC0-301F-11D3-BF4B-00C04F79EFBC}") = "T12_sobreescrituraMetodos", "T12_sobreescrituraMetodos\T12_sobreescrituraMetodos.csproj", "{25D117A7-81DD-4BE1-B476-6B5A05BAAAC1}"
EndProject
Global
	GlobalSection(SolutionConfigurationPlatforms) = preSolution
		Debug|Any CPU = Debug|Any CPU
		Release|Any CPU = Release|Any CPU
	EndGlobalSection
	GlobalSection(ProjectConfigurationPlatforms) = postSolution
		{908B4C4E-D33C-49CF-AF20-62D02FE271D7}.Debug|Any CPU.ActiveCfg = Debug|Any CPU
		{908B4C4E-D33C-49CF-AF20-62D02FE271D7}.Debug|Any CPU.Build.0 = Debug|Any CPU
		{908B4C4E-D33C-49CF-AF20-62D02FE271D7}.Release|Any CPU.ActiveCfg = Release|Any CPU
		{908B4C4E-D33C-49CF-AF20-62D02FE271D7}.Release|Any CPU.Build.0 = Release|Any CPU
		{362175A0-82E9-4255-81F0-B3A35399670F}.Debug|Any CPU.ActiveCfg = Debug|Any CPU
		{362175A0-82E9-4255-81F0-B3A35399670F}.Debug|Any CPU.Build.0 = Debug|Any CPU
		{362175A0-82E9-4255-81F0-B3A35399670F}.Release|Any CPU.ActiveCfg = Release|Any CPU
		{362175A0-82E9-4255-81F0-B3A35399670F}.Release|Any CPU.Build.0 = Release|Any CPU
		{590F343B-05CB-425B-A280-63FFABB6CFE3}.Debug|Any CPU.ActiveCfg = Debug|Any CPU
		{590F343B-05CB-425B-A280-63FFABB6CFE3}.Debug|Any CPU.Build.0 = Debug|Any CPU
		{590F343B-05CB-425B-A280-63FFABB6CFE3}.Release|Any CPU.ActiveCfg = Release|Any CPU
		{590F343B-05CB-425B-A280-63FFABB6CFE3}.Release|Any CPU.Build.0 = Release|Any CPU
		{4EFFF323-D39D-4CF9-99E2-41ACE574A992}.Debug|Any CPU.ActiveCfg = Debug|Any CPU
		{4EFFF323-D39D-4CF9-99E2-41ACE574A992}.Debug|Any CPU.Build.0 = Debug|Any CPU
		{4EFFF323-D39D-4CF9-99E2-41ACE574A992}.Release|Any CPU.ActiveCfg = Release|Any CPU
		{4EFFF323-D39D-4CF9-99E2-41ACE574A992}.Release|Any CPU.Build.0 = Release|Any CPU
		{448545FC-BCB0-419A-9F0D-A02C9DCB0FC0}.Debug|Any CPU.ActiveCfg = Debug|Any CPU
		{448545FC-BCB0-419A-9F0D-A02C9DCB0FC0}.Debug|Any CPU.Build.0 = Debug|Any CPU
		{448545FC-BCB0-419A-9F0D-A02C9DCB0FC0}.Release|Any CPU.ActiveCfg = Release|Any CPU
		{448545FC-BCB0-419A-9F0D-A02C9DCB0FC0}.Release|Any CPU.Build.0 = Release|Any CPU
		{CEF8E733-748E-4605-A0B3-426E85D3C076}.Debug|Any CPU.ActiveCfg = Debug|Any CPU
		{CEF8E733-748E-4605-A0B3-426E85D3C076}.Debug|Any CPU.Build.0 = Debug|Any CPU
		{CEF8E733-748E-4605-A0B3-426E85D3C076}.Release|Any CPU.ActiveCfg = Release|Any CPU
		{CEF8E733-748E-4605-A0B3-426E85D3C076}.Release|Any CPU.Build.0 = Release|Any CPU
		{422AF684-6098-4553-B4B5-927BA7B560DF}.Debug|Any CPU.ActiveCfg = Debug|Any CPU
		{422AF684-6098-4553-B4B5-927BA7B560DF}.Debug|Any CPU.Build.0 = Debug|Any CPU
		{422AF684-6098-4553-B4B5-927BA7B560DF}.Release|Any CPU.ActiveCfg = Release|Any CPU
		{422AF684-6098-4553-B4B5-927BA7B560DF}.Release|Any CPU.Build.0 = Release|Any CPU
		{EA0CDC05-9609-4CC7-9C48-AE9F52C3E55E}.Debug|Any CPU.ActiveCfg = Debug|Any CPU
		{EA0CDC05-9609-4CC7-9C48-AE9F52C3E55E}.Debug|Any CPU.Build.0 = Debug|Any CPU
		{EA0CDC05-9609-4CC7-9C48-AE9F52C3E55E}.Release|Any CPU.ActiveCfg = Release|Any CPU
		{EA0CDC05-9609-4CC7-9C48-AE9F52C3E55E}.Release|Any CPU.Build.0 = Release|Any CPU
		{C58EAA9F-961D-47AF-B43A-794EF3A9F55C}.Debug|Any CPU.ActiveCfg = Debug|Any CPU
		{C58EAA9F-961D-47AF-B43A-794EF3A9F55C}.Debug|Any CPU.Build.0 = Debug|Any CPU
		{C58EAA9F-961D-47AF-B43A-794EF3A9F55C}.Release|Any CPU.ActiveCfg = Release|Any CPU
		{C58EAA9F-961D-47AF-B43A-794EF3A9F55C}.Release|Any CPU.Build.0 = Release|Any CPU
		{4FD87527-106E-4846-BACA-C97AA95EEAE1}.Debug|Any CPU.ActiveCfg = Debug|Any CPU
		{4FD87527-106E-4846-BACA-C97AA95EEAE1}.Debug|Any CPU.Build.0 = Debug|Any CPU
		{4FD87527-106E-4846-BACA-C97AA95EEAE1}.Release|Any CPU.ActiveCfg = Release|Any CPU
		{4FD87527-106E-4846-BACA-C97AA95EEAE1}.Release|Any CPU.Build.0 = Release|Any CPU
		{86AB4D98-8BC7-4822-8AF8-0D77DAFAD1D9}.Debug|Any CPU.ActiveCfg = Debug|Any CPU
		{86AB4D98-8BC7-4822-8AF8-0D77DAFAD1D9}.Debug|Any CPU.Build.0 = Debug|Any CPU
		{86AB4D98-8BC7-4822-8AF8-0D77DAFAD1D9}.Release|Any CPU.ActiveCfg = Release|Any CPU
		{86AB4D98-8BC7-4822-8AF8-0D77DAFAD1D9}.Release|Any CPU.Build.0 = Release|Any CPU
		{25D117A7-81DD-4BE1-B476-6B5A05BAAAC1}.Debug|Any CPU.ActiveCfg = Debug|Any CPU
		{25D117A7-81DD-4BE1-B476-6B5A05BAAAC1}.Debug|Any CPU.Build.0 = Debug|Any CPU
		{25D117A7-81DD-4BE1-B476-6B5A05BAAAC1}.Release|Any CPU.ActiveCfg = Release|Any CPU
		{25D117A7-81DD-4BE1-B476-6B5A05BAAAC1}.Release|Any CPU.Build.0 = Release|Any CPU
	EndGlobalSection
	GlobalSection(SolutionProperties) = preSolution
		HideSolutionNode = FALSE
	EndGlobalSection
	GlobalSection(NestedProjects) = preSolution
		{908B4C4E-D33C-49CF-AF20-62D02FE271D7} = {CF78E750-4D15-4B15-A33E-9DACEBD27DB3}
		{362175A0-82E9-4255-81F0-B3A35399670F} = {CF78E750-4D15-4B15-A33E-9DACEBD27DB3}
		{590F343B-05CB-425B-A280-63FFABB6CFE3} = {CF78E750-4D15-4B15-A33E-9DACEBD27DB3}
		{4EFFF323-D39D-4CF9-99E2-41ACE574A992} = {CF78E750-4D15-4B15-A33E-9DACEBD27DB3}
		{448545FC-BCB0-419A-9F0D-A02C9DCB0FC0} = {CF78E750-4D15-4B15-A33E-9DACEBD27DB3}
		{CEF8E733-748E-4605-A0B3-426E85D3C076} = {CF78E750-4D15-4B15-A33E-9DACEBD27DB3}
		{422AF684-6098-4553-B4B5-927BA7B560DF} = {CF78E750-4D15-4B15-A33E-9DACEBD27DB3}
		{EA0CDC05-9609-4CC7-9C48-AE9F52C3E55E} = {CF78E750-4D15-4B15-A33E-9DACEBD27DB3}
		{C58EAA9F-961D-47AF-B43A-794EF3A9F55C} = {CF78E750-4D15-4B15-A33E-9DACEBD27DB3}
		{4FD87527-106E-4846-BACA-C97AA95EEAE1} = {CF78E750-4D15-4B15-A33E-9DACEBD27DB3}
		{86AB4D98-8BC7-4822-8AF8-0D77DAFAD1D9} = {CF78E750-4D15-4B15-A33E-9DACEBD27DB3}
		{25D117A7-81DD-4BE1-B476-6B5A05BAAAC1} = {CF78E750-4D15-4B15-A33E-9DACEBD27DB3}
	EndGlobalSection
	GlobalSection(ExtensibilityGlobals) = postSolution
		SolutionGuid = {CA78E4FC-DC61-4711-B614-9ACB74AEEE22}
	EndGlobalSection
EndGlobal
